
Microsoft Visual Studio Solution File, Format Version 12.00
# Visual Studio 15
VisualStudioVersion = 15.0.28010.2048
MinimumVisualStudioVersion = 10.0.40219.1
Project("{FAE04EC0-301F-11D3-BF4B-00C04F79EFBC}") = "SeaweedFs.SuperClient", "SeaweedFs.SuperClient\SeaweedFs.SuperClient.csproj", "{42A7B80C-6CC6-4177-9E19-181F214489B4}"
EndProject
Project("{FAE04EC0-301F-11D3-BF4B-00C04F79EFBC}") = "test", "test\test.csproj", "{49756DA3-94B2-4385-8449-76AD63377D0E}"
EndProject
Global
	GlobalSection(SolutionConfigurationPlatforms) = preSolution
		Debug|Any CPU = Debug|Any CPU
		Release|Any CPU = Release|Any CPU
	EndGlobalSection
	GlobalSection(ProjectConfigurationPlatforms) = postSolution
		{42A7B80C-6CC6-4177-9E19-181F214489B4}.Debug|Any CPU.ActiveCfg = Debug|Any CPU
		{42A7B80C-6CC6-4177-9E19-181F214489B4}.Debug|Any CPU.Build.0 = Debug|Any CPU
		{42A7B80C-6CC6-4177-9E19-181F214489B4}.Release|Any CPU.ActiveCfg = Release|Any CPU
		{42A7B80C-6CC6-4177-9E19-181F214489B4}.Release|Any CPU.Build.0 = Release|Any CPU
		{49756DA3-94B2-4385-8449-76AD63377D0E}.Debug|Any CPU.ActiveCfg = Debug|Any CPU
		{49756DA3-94B2-4385-8449-76AD63377D0E}.Debug|Any CPU.Build.0 = Debug|Any CPU
		{49756DA3-94B2-4385-8449-76AD63377D0E}.Release|Any CPU.ActiveCfg = Release|Any CPU
		{49756DA3-94B2-4385-8449-76AD63377D0E}.Release|Any CPU.Build.0 = Release|Any CPU
	EndGlobalSection
	GlobalSection(SolutionProperties) = preSolution
		HideSolutionNode = FALSE
	EndGlobalSection
	GlobalSection(ExtensibilityGlobals) = postSolution
		SolutionGuid = {49EBE1FE-6715-4456-A75F-240D2BF8A5EF}
	EndGlobalSection
EndGlobal
